// !$*UTF8*$!
{
	archiveVersion = 1;
	classes = {
	};
	objectVersion = 46;
	objects = {

/* Begin PBXBuildFile section */
		CED8DA591C0EDA0400CABB7C /* main.m in Sources */ = {isa = PBXBuildFile; fileRef = CED8DA581C0EDA0400CABB7C /* main.m */; };
		CED8DA5C1C0EDA0400CABB7C /* AppDelegate.m in Sources */ = {isa = PBXBuildFile; fileRef = CED8DA5B1C0EDA0400CABB7C /* AppDelegate.m */; };
		CED8DA5F1C0EDA0400CABB7C /* ViewController.m in Sources */ = {isa = PBXBuildFile; fileRef = CED8DA5E1C0EDA0400CABB7C /* ViewController.m */; };
		CED8DA621C0EDA0400CABB7C /* Main.storyboard in Resources */ = {isa = PBXBuildFile; fileRef = CED8DA601C0EDA0400CABB7C /* Main.storyboard */; };
		CED8DA641C0EDA0400CABB7C /* Assets.xcassets in Resources */ = {isa = PBXBuildFile; fileRef = CED8DA631C0EDA0400CABB7C /* Assets.xcassets */; };
		CED8DA671C0EDA0400CABB7C /* LaunchScreen.storyboard in Resources */ = {isa = PBXBuildFile; fileRef = CED8DA651C0EDA0400CABB7C /* LaunchScreen.storyboard */; };
		CED8DA721C0EDA0400CABB7C /* InfiniteScrollViewDemoTests.m in Sources */ = {isa = PBXBuildFile; fileRef = CED8DA711C0EDA0400CABB7C /* InfiniteScrollViewDemoTests.m */; };
		CED8DA7D1C0EDA0500CABB7C /* InfiniteScrollViewDemoUITests.m in Sources */ = {isa = PBXBuildFile; fileRef = CED8DA7C1C0EDA0500CABB7C /* InfiniteScrollViewDemoUITests.m */; };
		CED8DA8D1C0EDA6500CABB7C /* YLInfiniteScrollView.m in Sources */ = {isa = PBXBuildFile; fileRef = CED8DA8C1C0EDA6500CABB7C /* YLInfiniteScrollView.m */; };
/* End PBXBuildFile section */

/* Begin PBXContainerItemProxy section */
		CED8DA6E1C0EDA0400CABB7C /* PBXContainerItemProxy */ = {
			isa = PBXContainerItemProxy;
			containerPortal = CED8DA4C1C0EDA0400CABB7C /* Project object */;
			proxyType = 1;
			remoteGlobalIDString = CED8DA531C0EDA0400CABB7C;
			remoteInfo = InfiniteScrollViewDemo;
		};
		CED8DA791C0EDA0500CABB7C /* PBXContainerItemProxy */ = {
			isa = PBXContainerItemProxy;
			containerPortal = CED8DA4C1C0EDA0400CABB7C /* Project object */;
			proxyType = 1;
			remoteGlobalIDString = CED8DA531C0EDA0400CABB7C;
			remoteInfo = InfiniteScrollViewDemo;
		};
/* End PBXContainerItemProxy section */

/* Begin PBXFileReference section */
		CED8DA541C0EDA0400CABB7C /* InfiniteScrollViewDemo.app */ = {isa = PBXFileReference; explicitFileType = wrapper.application; includeInIndex = 0; path = InfiniteScrollViewDemo.app; sourceTree = BUILT_PRODUCTS_DIR; };
		CED8DA581C0EDA0400CABB7C /* main.m */ = {isa = PBXFileReference; lastKnownFileType = sourcecode.c.objc; path = main.m; sourceTree = "<group>"; };
		CED8DA5A1C0EDA0400CABB7C /* AppDelegate.h */ = {isa = PBXFileReference; lastKnownFileType = sourcecode.c.h; path = AppDelegate.h; sourceTree = "<group>"; };
		CED8DA5B1C0EDA0400CABB7C /* AppDelegate.m */ = {isa = PBXFileReference; lastKnownFileType = sourcecode.c.objc; path = AppDelegate.m; sourceTree = "<group>"; };
		CED8DA5D1C0EDA0400CABB7C /* ViewController.h */ = {isa = PBXFileReference; lastKnownFileType = sourcecode.c.h; path = ViewController.h; sourceTree = "<group>"; };
		CED8DA5E1C0EDA0400CABB7C /* ViewController.m */ = {isa = PBXFileReference; lastKnownFileType = sourcecode.c.objc; path = ViewController.m; sourceTree = "<group>"; };
		CED8DA611C0EDA0400CABB7C /* Base */ = {isa = PBXFileReference; lastKnownFileType = file.storyboard; name = Base; path = Base.lproj/Main.storyboard; sourceTree = "<group>"; };
		CED8DA631C0EDA0400CABB7C /* Assets.xcassets */ = {isa = PBXFileReference; lastKnownFileType = folder.assetcatalog; path = Assets.xcassets; sourceTree = "<group>"; };
		CED8DA661C0EDA0400CABB7C /* Base */ = {isa = PBXFileReference; lastKnownFileType = file.storyboard; name = Base; path = Base.lproj/LaunchScreen.storyboard; sourceTree = "<group>"; };
		CED8DA681C0EDA0400CABB7C /* Info.plist */ = {isa = PBXFileReference; lastKnownFileType = text.plist.xml; path = Info.plist; sourceTree = "<group>"; };
		CED8DA6D1C0EDA0400CABB7C /* InfiniteScrollViewDemoTests.xctest */ = {isa = PBXFileReference; explicitFileType = wrapper.cfbundle; includeInIndex = 0; path = InfiniteScrollViewDemoTests.xctest; sourceTree = BUILT_PRODUCTS_DIR; };
		CED8DA711C0EDA0400CABB7C /* InfiniteScrollViewDemoTests.m */ = {isa = PBXFileReference; lastKnownFileType = sourcecode.c.objc; path = InfiniteScrollViewDemoTests.m; sourceTree = "<group>"; };
		CED8DA731C0EDA0400CABB7C /* Info.plist */ = {isa = PBXFileReference; lastKnownFileType = text.plist.xml; path = Info.plist; sourceTree = "<group>"; };
		CED8DA781C0EDA0500CABB7C /* InfiniteScrollViewDemoUITests.xctest */ = {isa = PBXFileReference; explicitFileType = wrapper.cfbundle; includeInIndex = 0; path = InfiniteScrollViewDemoUITests.xctest; sourceTree = BUILT_PRODUCTS_DIR; };
		CED8DA7C1C0EDA0500CABB7C /* InfiniteScrollViewDemoUITests.m */ = {isa = PBXFileReference; lastKnownFileType = sourcecode.c.objc; path = InfiniteScrollViewDemoUITests.m; sourceTree = "<group>"; };
		CED8DA7E1C0EDA0500CABB7C /* Info.plist */ = {isa = PBXFileReference; lastKnownFileType = text.plist.xml; path = Info.plist; sourceTree = "<group>"; };
		CED8DA8B1C0EDA6500CABB7C /* YLInfiniteScrollView.h */ = {isa = PBXFileReference; fileEncoding = 4; lastKnownFileType = sourcecode.c.h; path = YLInfiniteScrollView.h; sourceTree = "<group>"; };
		CED8DA8C1C0EDA6500CABB7C /* YLInfiniteScrollView.m */ = {isa = PBXFileReference; fileEncoding = 4; lastKnownFileType = sourcecode.c.objc; path = YLInfiniteScrollView.m; sourceTree = "<group>"; };
/* End PBXFileReference section */

/* Begin PBXFrameworksBuildPhase section */
		CED8DA511C0EDA0400CABB7C /* Frameworks */ = {
			isa = PBXFrameworksBuildPhase;
			buildActionMask = 2147483647;
			files = (
			);
			runOnlyForDeploymentPostprocessing = 0;
		};
		CED8DA6A1C0EDA0400CABB7C /* Frameworks */ = {
			isa = PBXFrameworksBuildPhase;
			buildActionMask = 2147483647;
			files = (
			);
			runOnlyForDeploymentPostprocessing = 0;
		};
		CED8DA751C0EDA0500CABB7C /* Frameworks */ = {
			isa = PBXFrameworksBuildPhase;
			buildActionMask = 2147483647;
			files = (
			);
			runOnlyForDeploymentPostprocessing = 0;
		};
/* End PBXFrameworksBuildPhase section */

/* Begin PBXGroup section */
		CED8DA4B1C0EDA0400CABB7C = {
			isa = PBXGroup;
			children = (
				CED8DA561C0EDA0400CABB7C /* InfiniteScrollViewDemo */,
				CED8DA701C0EDA0400CABB7C /* InfiniteScrollViewDemoTests */,
				CED8DA7B1C0EDA0500CABB7C /* InfiniteScrollViewDemoUITests */,
				CED8DA551C0EDA0400CABB7C /* Products */,
			);
			sourceTree = "<group>";
		};
		CED8DA551C0EDA0400CABB7C /* Products */ = {
			isa = PBXGroup;
			children = (
				CED8DA541C0EDA0400CABB7C /* InfiniteScrollViewDemo.app */,
				CED8DA6D1C0EDA0400CABB7C /* InfiniteScrollViewDemoTests.xctest */,
				CED8DA781C0EDA0500CABB7C /* InfiniteScrollViewDemoUITests.xctest */,
			);
			name = Products;
			sourceTree = "<group>";
		};
		CED8DA561C0EDA0400CABB7C /* InfiniteScrollViewDemo */ = {
			isa = PBXGroup;
			children = (
				CED8DA8A1C0EDA6500CABB7C /* InfiniteScroll */,
				CED8DA5A1C0EDA0400CABB7C /* AppDelegate.h */,
				CED8DA5B1C0EDA0400CABB7C /* AppDelegate.m */,
				CED8DA5D1C0EDA0400CABB7C /* ViewController.h */,
				CED8DA5E1C0EDA0400CABB7C /* ViewController.m */,
				CED8DA601C0EDA0400CABB7C /* Main.storyboard */,
				CED8DA631C0EDA0400CABB7C /* Assets.xcassets */,
				CED8DA651C0EDA0400CABB7C /* LaunchScreen.storyboard */,
				CED8DA681C0EDA0400CABB7C /* Info.plist */,
				CED8DA571C0EDA0400CABB7C /* Supporting Files */,
			);
			path = InfiniteScrollViewDemo;
			sourceTree = "<group>";
		};
		CED8DA571C0EDA0400CABB7C /* Supporting Files */ = {
			isa = PBXGroup;
			children = (
				CED8DA581C0EDA0400CABB7C /* main.m */,
			);
			name = "Supporting Files";
			sourceTree = "<group>";
		};
		CED8DA701C0EDA0400CABB7C /* InfiniteScrollViewDemoTests */ = {
			isa = PBXGroup;
			children = (
				CED8DA711C0EDA0400CABB7C /* InfiniteScrollViewDemoTests.m */,
				CED8DA731C0EDA0400CABB7C /* Info.plist */,
			);
			path = InfiniteScrollViewDemoTests;
			sourceTree = "<group>";
		};
		CED8DA7B1C0EDA0500CABB7C /* InfiniteScrollViewDemoUITests */ = {
			isa = PBXGroup;
			children = (
				CED8DA7C1C0EDA0500CABB7C /* InfiniteScrollViewDemoUITests.m */,
				CED8DA7E1C0EDA0500CABB7C /* Info.plist */,
			);
			path = InfiniteScrollViewDemoUITests;
			sourceTree = "<group>";
		};
		CED8DA8A1C0EDA6500CABB7C /* InfiniteScroll */ = {
			isa = PBXGroup;
			children = (
				CED8DA8B1C0EDA6500CABB7C /* YLInfiniteScrollView.h */,
				CED8DA8C1C0EDA6500CABB7C /* YLInfiniteScrollView.m */,
			);
			path = InfiniteScroll;
			sourceTree = "<group>";
		};
/* End PBXGroup section */

/* Begin PBXNativeTarget section */
		CED8DA531C0EDA0400CABB7C /* InfiniteScrollViewDemo */ = {
			isa = PBXNativeTarget;
			buildConfigurationList = CED8DA811C0EDA0500CABB7C /* Build configuration list for PBXNativeTarget "InfiniteScrollViewDemo" */;
			buildPhases = (
				CED8DA501C0EDA0400CABB7C /* Sources */,
				CED8DA511C0EDA0400CABB7C /* Frameworks */,
				CED8DA521C0EDA0400CABB7C /* Resources */,
			);
			buildRules = (
			);
			dependencies = (
			);
			name = InfiniteScrollViewDemo;
			productName = InfiniteScrollViewDemo;
			productReference = CED8DA541C0EDA0400CABB7C /* InfiniteScrollViewDemo.app */;
			productType = "com.apple.product-type.application";
		};
		CED8DA6C1C0EDA0400CABB7C /* InfiniteScrollViewDemoTests */ = {
			isa = PBXNativeTarget;
			buildConfigurationList = CED8DA841C0EDA0500CABB7C /* Build configuration list for PBXNativeTarget "InfiniteScrollViewDemoTests" */;
			buildPhases = (
				CED8DA691C0EDA0400CABB7C /* Sources */,
				CED8DA6A1C0EDA0400CABB7C /* Frameworks */,
				CED8DA6B1C0EDA0400CABB7C /* Resources */,
			);
			buildRules = (
			);
			dependencies = (
				CED8DA6F1C0EDA0400CABB7C /* PBXTargetDependency */,
			);
			name = InfiniteScrollViewDemoTests;
			productName = InfiniteScrollViewDemoTests;
			productReference = CED8DA6D1C0EDA0400CABB7C /* InfiniteScrollViewDemoTests.xctest */;
			productType = "com.apple.product-type.bundle.unit-test";
		};
		CED8DA771C0EDA0500CABB7C /* InfiniteScrollViewDemoUITests */ = {
			isa = PBXNativeTarget;
			buildConfigurationList = CED8DA871C0EDA0500CABB7C /* Build configuration list for PBXNativeTarget "InfiniteScrollViewDemoUITests" */;
			buildPhases = (
				CED8DA741C0EDA0500CABB7C /* Sources */,
				CED8DA751C0EDA0500CABB7C /* Frameworks */,
				CED8DA761C0EDA0500CABB7C /* Resources */,
			);
			buildRules = (
			);
			dependencies = (
				CED8DA7A1C0EDA0500CABB7C /* PBXTargetDependency */,
			);
			name = InfiniteScrollViewDemoUITests;
			productName = InfiniteScrollViewDemoUITests;
			productReference = CED8DA781C0EDA0500CABB7C /* InfiniteScrollViewDemoUITests.xctest */;
			productType = "com.apple.product-type.bundle.ui-testing";
		};
/* End PBXNativeTarget section */

/* Begin PBXProject section */
		CED8DA4C1C0EDA0400CABB7C /* Project object */ = {
			isa = PBXProject;
			attributes = {
				LastUpgradeCheck = 0710;
				ORGANIZATIONNAME = "邵银岭";
				TargetAttributes = {
					CED8DA531C0EDA0400CABB7C = {
						CreatedOnToolsVersion = 7.1.1;
					};
					CED8DA6C1C0EDA0400CABB7C = {
						CreatedOnToolsVersion = 7.1.1;
						TestTargetID = CED8DA531C0EDA0400CABB7C;
					};
					CED8DA771C0EDA0500CABB7C = {
						CreatedOnToolsVersion = 7.1.1;
						TestTargetID = CED8DA531C0EDA0400CABB7C;
					};
				};
			};
			buildConfigurationList = CED8DA4F1C0EDA0400CABB7C /* Build configuration list for PBXProject "InfiniteScrollViewDemo" */;
			compatibilityVersion = "Xcode 3.2";
			developmentRegion = English;
			hasScannedForEncodings = 0;
			knownRegions = (
				en,
				Base,
			);
			mainGroup = CED8DA4B1C0EDA0400CABB7C;
			productRefGroup = CED8DA551C0EDA0400CABB7C /* Products */;
			projectDirPath = "";
			projectRoot = "";
			targets = (
				CED8DA531C0EDA0400CABB7C /* InfiniteScrollViewDemo */,
				CED8DA6C1C0EDA0400CABB7C /* InfiniteScrollViewDemoTests */,
				CED8DA771C0EDA0500CABB7C /* InfiniteScrollViewDemoUITests */,
			);
		};
/* End PBXProject section */

/* Begin PBXResourcesBuildPhase section */
		CED8DA521C0EDA0400CABB7C /* Resources */ = {
			isa = PBXResourcesBuildPhase;
			buildActionMask = 2147483647;
			files = (
				CED8DA671C0EDA0400CABB7C /* LaunchScreen.storyboard in Resources */,
				CED8DA641C0EDA0400CABB7C /* Assets.xcassets in Resources */,
				CED8DA621C0EDA0400CABB7C /* Main.storyboard in Resources */,
			);
			runOnlyForDeploymentPostprocessing = 0;
		};
		CED8DA6B1C0EDA0400CABB7C /* Resources */ = {
			isa = PBXResourcesBuildPhase;
			buildActionMask = 2147483647;
			files = (
			);
			runOnlyForDeploymentPostprocessing = 0;
		};
		CED8DA761C0EDA0500CABB7C /* Resources */ = {
			isa = PBXResourcesBuildPhase;
			buildActionMask = 2147483647;
			files = (
			);
			runOnlyForDeploymentPostprocessing = 0;
		};
/* End PBXResourcesBuildPhase section */

/* Begin PBXSourcesBuildPhase section */
		CED8DA501C0EDA0400CABB7C /* Sources */ = {
			isa = PBXSourcesBuildPhase;
			buildActionMask = 2147483647;
			files = (
				CED8DA5F1C0EDA0400CABB7C /* ViewController.m in Sources */,
				CED8DA5C1C0EDA0400CABB7C /* AppDelegate.m in Sources */,
				CED8DA8D1C0EDA6500CABB7C /* YLInfiniteScrollView.m in Sources */,
				CED8DA591C0EDA0400CABB7C /* main.m in Sources */,
			);
			runOnlyForDeploymentPostprocessing = 0;
		};
		CED8DA691C0EDA0400CABB7C /* Sources */ = {
			isa = PBXSourcesBuildPhase;
			buildActionMask = 2147483647;
			files = (
				CED8DA721C0EDA0400CABB7C /* InfiniteScrollViewDemoTests.m in Sources */,
			);
			runOnlyForDeploymentPostprocessing = 0;
		};
		CED8DA741C0EDA0500CABB7C /* Sources */ = {
			isa = PBXSourcesBuildPhase;
			buildActionMask = 2147483647;
			files = (
				CED8DA7D1C0EDA0500CABB7C /* InfiniteScrollViewDemoUITests.m in Sources */,
			);
			runOnlyForDeploymentPostprocessing = 0;
		};
/* End PBXSourcesBuildPhase section */

/* Begin PBXTargetDependency section */
		CED8DA6F1C0EDA0400CABB7C /* PBXTargetDependency */ = {
			isa = PBXTargetDependency;
			target = CED8DA531C0EDA0400CABB7C /* InfiniteScrollViewDemo */;
			targetProxy = CED8DA6E1C0EDA0400CABB7C /* PBXContainerItemProxy */;
		};
		CED8DA7A1C0EDA0500CABB7C /* PBXTargetDependency */ = {
			isa = PBXTargetDependency;
			target = CED8DA531C0EDA0400CABB7C /* InfiniteScrollViewDemo */;
			targetProxy = CED8DA791C0EDA0500CABB7C /* PBXContainerItemProxy */;
		};
/* End PBXTargetDependency section */

/* Begin PBXVariantGroup section */
		CED8DA601C0EDA0400CABB7C /* Main.storyboard */ = {
			isa = PBXVariantGroup;
			children = (
				CED8DA611C0EDA0400CABB7C /* Base */,
			);
			name = Main.storyboard;
			sourceTree = "<group>";
		};
		CED8DA651C0EDA0400CABB7C /* LaunchScreen.storyboard */ = {
			isa = PBXVariantGroup;
			children = (
				CED8DA661C0EDA0400CABB7C /* Base */,
			);
			name = LaunchScreen.storyboard;
			sourceTree = "<group>";
		};
/* End PBXVariantGroup section */

/* Begin XCBuildConfiguration section */
		CED8DA7F1C0EDA0500CABB7C /* Debug */ = {
			isa = XCBuildConfiguration;
			buildSettings = {
				ALWAYS_SEARCH_USER_PATHS = NO;
				CLANG_CXX_LANGUAGE_STANDARD = "gnu++0x";
				CLANG_CXX_LIBRARY = "libc++";
				CLANG_ENABLE_MODULES = YES;
				CLANG_ENABLE_OBJC_ARC = YES;
				CLANG_WARN_BOOL_CONVERSION = YES;
				CLANG_WARN_CONSTANT_CONVERSION = YES;
				CLANG_WARN_DIRECT_OBJC_ISA_USAGE = YES_ERROR;
				CLANG_WARN_EMPTY_BODY = YES;
				CLANG_WARN_ENUM_CONVERSION = YES;
				CLANG_WARN_INT_CONVERSION = YES;
				CLANG_WARN_OBJC_ROOT_CLASS = YES_ERROR;
				CLANG_WARN_UNREACHABLE_CODE = YES;
				CLANG_WARN__DUPLICATE_METHOD_MATCH = YES;
				"CODE_SIGN_IDENTITY[sdk=iphoneos*]" = "iPhone Developer";
				COPY_PHASE_STRIP = NO;
				DEBUG_INFORMATION_FORMAT = dwarf;
				ENABLE_STRICT_OBJC_MSGSEND = YES;
				ENABLE_TESTABILITY = YES;
				GCC_C_LANGUAGE_STANDARD = gnu99;
				GCC_DYNAMIC_NO_PIC = NO;
				GCC_NO_COMMON_BLOCKS = YES;
				GCC_OPTIMIZATION_LEVEL = 0;
				GCC_PREPROCESSOR_DEFINITIONS = (
					"DEBUG=1",
					"$(inherited)",
				);
				GCC_WARN_64_TO_32_BIT_CONVERSION = YES;
				GCC_WARN_ABOUT_RETURN_TYPE = YES_ERROR;
				GCC_WARN_UNDECLARED_SELECTOR = YES;
				GCC_WARN_UNINITIALIZED_AUTOS = YES_AGGRESSIVE;
				GCC_WARN_UNUSED_FUNCTION = YES;
				GCC_WARN_UNUSED_VARIABLE = YES;
				IPHONEOS_DEPLOYMENT_TARGET = 9.1;
				MTL_ENABLE_DEBUG_INFO = YES;
				ONLY_ACTIVE_ARCH = YES;
				SDKROOT = iphoneos;
				TARGETED_DEVICE_FAMILY = "1,2";
			};
			name = Debug;
		};
		CED8DA801C0EDA0500CABB7C /* Release */ = {
			isa = XCBuildConfiguration;
			buildSettings = {
				ALWAYS_SEARCH_USER_PATHS = NO;
				CLANG_CXX_LANGUAGE_STANDARD = "gnu++0x";
				CLANG_CXX_LIBRARY = "libc++";
				CLANG_ENABLE_MODULES = YES;
				CLANG_ENABLE_OBJC_ARC = YES;
				CLANG_WARN_BOOL_CONVERSION = YES;
				CLANG_WARN_CONSTANT_CONVERSION = YES;
				CLANG_WARN_DIRECT_OBJC_ISA_USAGE = YES_ERROR;
				CLANG_WARN_EMPTY_BODY = YES;
				CLANG_WARN_ENUM_CONVERSION = YES;
				CLANG_WARN_INT_CONVERSION = YES;
				CLANG_WARN_OBJC_ROOT_CLASS = YES_ERROR;
				CLANG_WARN_UNREACHABLE_CODE = YES;
				CLANG_WARN__DUPLICATE_METHOD_MATCH = YES;
				"CODE_SIGN_IDENTITY[sdk=iphoneos*]" = "iPhone Developer";
				COPY_PHASE_STRIP = NO;
				DEBUG_INFORMATION_FORMAT = "dwarf-with-dsym";
				ENABLE_NS_ASSERTIONS = NO;
				ENABLE_STRICT_OBJC_MSGSEND = YES;
				GCC_C_LANGUAGE_STANDARD = gnu99;
				GCC_NO_COMMON_BLOCKS = YES;
				GCC_WARN_64_TO_32_BIT_CONVERSION = YES;
				GCC_WARN_ABOUT_RETURN_TYPE = YES_ERROR;
				GCC_WARN_UNDECLARED_SELECTOR = YES;
				GCC_WARN_UNINITIALIZED_AUTOS = YES_AGGRESSIVE;
				GCC_WARN_UNUSED_FUNCTION = YES;
				GCC_WARN_UNUSED_VARIABLE = YES;
				IPHONEOS_DEPLOYMENT_TARGET = 9.1;
				MTL_ENABLE_DEBUG_INFO = NO;
				SDKROOT = iphoneos;
				TARGETED_DEVICE_FAMILY = "1,2";
				VALIDATE_PRODUCT = YES;
			};
			name = Release;
		};
		CED8DA821C0EDA0500CABB7C /* Debug */ = {
			isa = XCBuildConfiguration;
			buildSettings = {
				ASSETCATALOG_COMPILER_APPICON_NAME = AppIcon;
				INFOPLIST_FILE = InfiniteScrollViewDemo/Info.plist;
				LD_RUNPATH_SEARCH_PATHS = "$(inherited) @executable_path/Frameworks";
				PRODUCT_BUNDLE_IDENTIFIER = com.IML.InfiniteScrollViewDemo;
				PRODUCT_NAME = "$(TARGET_NAME)";
			};
			name = Debug;
		};
		CED8DA831C0EDA0500CABB7C /* Release */ = {
			isa = XCBuildConfiguration;
			buildSettings = {
				ASSETCATALOG_COMPILER_APPICON_NAME = AppIcon;
				INFOPLIST_FILE = InfiniteScrollViewDemo/Info.plist;
				LD_RUNPATH_SEARCH_PATHS = "$(inherited) @executable_path/Frameworks";
				PRODUCT_BUNDLE_IDENTIFIER = com.IML.InfiniteScrollViewDemo;
				PRODUCT_NAME = "$(TARGET_NAME)";
			};
			name = Release;
		};
		CED8DA851C0EDA0500CABB7C /* Debug */ = {
			isa = XCBuildConfiguration;
			buildSettings = {
				BUNDLE_LOADER = "$(TEST_HOST)";
				INFOPLIST_FILE = InfiniteScrollViewDemoTests/Info.plist;
				LD_RUNPATH_SEARCH_PATHS = "$(inherited) @executable_path/Frameworks @loader_path/Frameworks";
				PRODUCT_BUNDLE_IDENTIFIER = com.IML.InfiniteScrollViewDemoTests;
				PRODUCT_NAME = "$(TARGET_NAME)";
				TEST_HOST = "$(BUILT_PRODUCTS_DIR)/InfiniteScrollViewDemo.app/InfiniteScrollViewDemo";
			};
			name = Debug;
		};
		CED8DA861C0EDA0500CABB7C /* Release */ = {
			isa = XCBuildConfiguration;
			buildSettings = {
				BUNDLE_LOADER = "$(TEST_HOST)";
				INFOPLIST_FILE = InfiniteScrollViewDemoTests/Info.plist;
				LD_RUNPATH_SEARCH_PATHS = "$(inherited) @executable_path/Frameworks @loader_path/Frameworks";
				PRODUCT_BUNDLE_IDENTIFIER = com.IML.InfiniteScrollViewDemoTests;
				PRODUCT_NAME = "$(TARGET_NAME)";
				TEST_HOST = "$(BUILT_PRODUCTS_DIR)/InfiniteScrollViewDemo.app/InfiniteScrollViewDemo";
			};
			name = Release;
		};
		CED8DA881C0EDA0500CABB7C /* Debug */ = {
			isa = XCBuildConfiguration;
			buildSettings = {
				INFOPLIST_FILE = InfiniteScrollViewDemoUITests/Info.plist;
				LD_RUNPATH_SEARCH_PATHS = "$(inherited) @executable_path/Frameworks @loader_path/Frameworks";
				PRODUCT_BUNDLE_IDENTIFIER = com.IML.InfiniteScrollViewDemoUITests;
				PRODUCT_NAME = "$(TARGET_NAME)";
				TEST_TARGET_NAME = InfiniteScrollViewDemo;
				USES_XCTRUNNER = YES;
			};
			name = Debug;
		};
		CED8DA891C0EDA0500CABB7C /* Release */ = {
			isa = XCBuildConfiguration;
			buildSettings = {
				INFOPLIST_FILE = InfiniteScrollViewDemoUITests/Info.plist;
				LD_RUNPATH_SEARCH_PATHS = "$(inherited) @executable_path/Frameworks @loader_path/Frameworks";
				PRODUCT_BUNDLE_IDENTIFIER = com.IML.InfiniteScrollViewDemoUITests;
				PRODUCT_NAME = "$(TARGET_NAME)";
				TEST_TARGET_NAME = InfiniteScrollViewDemo;
				USES_XCTRUNNER = YES;
			};
			name = Release;
		};
/* End XCBuildConfiguration section */

/* Begin XCConfigurationList section */
		CED8DA4F1C0EDA0400CABB7C /* Build configuration list for PBXProject "InfiniteScrollViewDemo" */ = {
			isa = XCConfigurationList;
			buildConfigurations = (
				CED8DA7F1C0EDA0500CABB7C /* Debug */,
				CED8DA801C0EDA0500CABB7C /* Release */,
			);
			defaultConfigurationIsVisible = 0;
			defaultConfigurationName = Release;
		};
		CED8DA811C0EDA0500CABB7C /* Build configuration list for PBXNativeTarget "InfiniteScrollViewDemo" */ = {
			isa = XCConfigurationList;
			buildConfigurations = (
				CED8DA821C0EDA0500CABB7C /* Debug */,
				CED8DA831C0EDA0500CABB7C /* Release */,
			);
			defaultConfigurationIsVisible = 0;
		};
		CED8DA841C0EDA0500CABB7C /* Build configuration list for PBXNativeTarget "InfiniteScrollViewDemoTests" */ = {
			isa = XCConfigurationList;
			buildConfigurations = (
				CED8DA851C0EDA0500CABB7C /* Debug */,
				CED8DA861C0EDA0500CABB7C /* Release */,
			);
			defaultConfigurationIsVisible = 0;
		};
		CED8DA871C0EDA0500CABB7C /* Build configuration list for PBXNativeTarget "InfiniteScrollViewDemoUITests" */ = {
			isa = XCConfigurationList;
			buildConfigurations = (
				CED8DA881C0EDA0500CABB7C /* Debug */,
				CED8DA891C0EDA0500CABB7C /* Release */,
			);
			defaultConfigurationIsVisible = 0;
		};
/* End XCConfigurationList section */
	};
	rootObject = CED8DA4C1C0EDA0400CABB7C /* Project object */;
}
